{
  "version": 4,
  "terraform_version": "1.13.3",
  "serial": 26,
  "lineage": "55d06adb-29ab-cc98-e720-b2d2db2b4a9e",
  "outputs": {
    "access_instructions": {
      "value": "VS Code Server is now deployed on Cloud Run!\n\nAccess URL: https://vscode-server-cloudrun-6xhznsmgzq-ez.a.run.app\nPassword: P@ssw0rd@123\n\n⚠️  IMPORTANT: This deployment uses temporary in-memory storage.\n- Data persists only while the instance is running\n- Data will be lost when the instance restarts or scales to zero\n- Not suitable for long-term development work\n\nFor persistent storage, consider upgrading to Filestore or implementing GCS-based persistence.\n",
      "type": "string",
      "sensitive": true
    },
    "cloud_run_service_location": {
      "value": "europe-west4",
      "type": "string"
    },
    "cloud_run_service_name": {
      "value": "vscode-server-cloudrun",
      "type": "string"
    },
    "cloud_run_service_url": {
      "value": "https://vscode-server-cloudrun-6xhznsmgzq-ez.a.run.app",
      "type": "string"
    },
    "service_account_email": {
      "value": "vscode-server-cloudrun-sa@solid-choir-472607-r1.iam.gserviceaccount.com",
      "type": "string"
    },
    "storage_type": {
      "value": "Temporary in-memory (1GB limit)",
      "type": "string"
    }
  },
  "resources": [
    {
      "mode": "managed",
      "type": "google_cloud_run_service",
      "name": "vscode_server",
      "provider": "provider[\"registry.terraform.io/hashicorp/google\"]",
      "instances": [
        {
          "schema_version": 2,
          "attributes": {
            "autogenerate_revision_name": false,
            "id": "locations/europe-west4/namespaces/solid-choir-472607-r1/services/vscode-server-cloudrun",
            "location": "europe-west4",
            "metadata": [
              {
                "annotations": {},
                "effective_annotations": {
                  "run.googleapis.com/ingress": "all",
                  "run.googleapis.com/ingress-status": "all",
                  "run.googleapis.com/operation-id": "5207664d-5537-421d-8596-6bbd3e5ced4b",
                  "run.googleapis.com/urls": "[\"https://vscode-server-cloudrun-413868300892.europe-west4.run.app\",\"https://vscode-server-cloudrun-6xhznsmgzq-ez.a.run.app\"]",
                  "serving.knative.dev/creator": "mrbhardw@gmail.com",
                  "serving.knative.dev/lastModifier": "mrbhardw@gmail.com"
                },
                "effective_labels": {
                  "cloud.googleapis.com/location": "europe-west4"
                },
                "generation": 4,
                "labels": {},
                "namespace": "solid-choir-472607-r1",
                "resource_version": "AAZAeXQ95y0",
                "self_link": "/apis/serving.knative.dev/v1/namespaces/413868300892/services/vscode-server-cloudrun",
                "terraform_labels": {},
                "uid": "7ebe91e6-d36e-4982-a2d1-cc08cf1dbcc5"
              }
            ],
            "name": "vscode-server-cloudrun",
            "project": "solid-choir-472607-r1",
            "status": [
              {
                "conditions": [
                  {
                    "message": "",
                    "reason": "",
                    "status": "True",
                    "type": "Ready"
                  },
                  {
                    "message": "",
                    "reason": "",
                    "status": "True",
                    "type": "ConfigurationsReady"
                  },
                  {
                    "message": "",
                    "reason": "",
                    "status": "True",
                    "type": "RoutesReady"
                  }
                ],
                "latest_created_revision_name": "vscode-server-cloudrun-00004-fgn",
                "latest_ready_revision_name": "vscode-server-cloudrun-00004-fgn",
                "observed_generation": 4,
                "traffic": [
                  {
                    "latest_revision": true,
                    "percent": 100,
                    "revision_name": "vscode-server-cloudrun-00004-fgn",
                    "tag": "",
                    "url": ""
                  }
                ],
                "url": "https://vscode-server-cloudrun-6xhznsmgzq-ez.a.run.app"
              }
            ],
            "template": [
              {
                "metadata": [
                  {
                    "annotations": {
                      "autoscaling.knative.dev/maxScale": "20",
                      "run.googleapis.com/cpu-throttling": "false",
                      "run.googleapis.com/execution-environment": "gen2"
                    },
                    "generation": 0,
                    "labels": {
                      "run.googleapis.com/startupProbeType": "Default"
                    },
                    "name": "",
                    "namespace": "",
                    "resource_version": "",
                    "self_link": "",
                    "uid": ""
                  }
                ],
                "spec": [
                  {
                    "container_concurrency": 80,
                    "containers": [
                      {
                        "args": [],
                        "command": [],
                        "env": [
                          {
                            "name": "GITHUB_CLIENT_ID",
                            "value": "Ov23li0eKopVqwBJQHZq",
                            "value_from": []
                          },
                          {
                            "name": "GITHUB_CLIENT_SECRET",
                            "value": "62e3db27fbb170aabe1bfdab5727813a849abbc5",
                            "value_from": []
                          },
                          {
                            "name": "GITHUB_REDIRECT_URI",
                            "value": "https://vscode-server-cloudrun-6xhznsmgzq-ez.a.run.app/login/github/callback",
                            "value_from": []
                          },
                          {
                            "name": "PASSWORD",
                            "value": "P@ssw0rd@123",
                            "value_from": []
                          }
                        ],
                        "env_from": [],
                        "image": "codercom/code-server:latest",
                        "liveness_probe": [],
                        "name": "",
                        "ports": [
                          {
                            "container_port": 8080,
                            "name": "http1",
                            "protocol": ""
                          }
                        ],
                        "resources": [
                          {
                            "limits": {
                              "cpu": "1000m",
                              "memory": "2Gi"
                            },
                            "requests": {}
                          }
                        ],
                        "startup_probe": [
                          {
                            "failure_threshold": 1,
                            "grpc": [],
                            "http_get": [],
                            "initial_delay_seconds": 0,
                            "period_seconds": 240,
                            "tcp_socket": [
                              {
                                "port": 8080
                              }
                            ],
                            "timeout_seconds": 240
                          }
                        ],
                        "volume_mounts": [
                          {
                            "mount_path": "/home/coder",
                            "name": "vscode-data"
                          }
                        ],
                        "working_dir": ""
                      }
                    ],
                    "node_selector": {},
                    "service_account_name": "vscode-server-cloudrun-sa@solid-choir-472607-r1.iam.gserviceaccount.com",
                    "serving_state": "",
                    "timeout_seconds": 300,
                    "volumes": [
                      {
                        "csi": [],
                        "empty_dir": [
                          {
                            "medium": "Memory",
                            "size_limit": "1Gi"
                          }
                        ],
                        "name": "vscode-data",
                        "nfs": [],
                        "secret": []
                      }
                    ]
                  }
                ]
              }
            ],
            "timeouts": null,
            "traffic": [
              {
                "latest_revision": true,
                "percent": 100,
                "revision_name": "",
                "tag": "",
                "url": ""
              }
            ]
          },
          "sensitive_attributes": [
            [
              {
                "type": "get_attr",
                "value": "template"
              },
              {
                "type": "index",
                "value": {
                  "value": 0,
                  "type": "number"
                }
              },
              {
                "type": "get_attr",
                "value": "spec"
              },
              {
                "type": "index",
                "value": {
                  "value": 0,
                  "type": "number"
                }
              },
              {
                "type": "get_attr",
                "value": "containers"
              },
              {
                "type": "index",
                "value": {
                  "value": 0,
                  "type": "number"
                }
              },
              {
                "type": "get_attr",
                "value": "env"
              }
            ]
          ],
          "identity_schema_version": 0,
          "private": "eyJlMmJmYjczMC1lY2FhLTExZTYtOGY4OC0zNDM2M2JjN2M0YzAiOnsiY3JlYXRlIjoxMjAwMDAwMDAwMDAwLCJkZWxldGUiOjEyMDAwMDAwMDAwMDAsInVwZGF0ZSI6MTIwMDAwMDAwMDAwMH0sInNjaGVtYV92ZXJzaW9uIjoiMiJ9",
          "dependencies": [
            "google_project_service.cloud_run_api",
            "google_service_account.cloud_run_sa"
          ]
        }
      ]
    },
    {
      "mode": "managed",
      "type": "google_cloud_run_service_iam_member",
      "name": "public_access",
      "provider": "provider[\"registry.terraform.io/hashicorp/google\"]",
      "instances": [
        {
          "schema_version": 0,
          "attributes": {
            "condition": [],
            "etag": "BwZAeUgqA+c=",
            "id": "v1/projects/solid-choir-472607-r1/locations/europe-west4/services/vscode-server-cloudrun/roles/run.invoker/allUsers",
            "location": "europe-west4",
            "member": "allUsers",
            "project": "solid-choir-472607-r1",
            "role": "roles/run.invoker",
            "service": "v1/projects/solid-choir-472607-r1/locations/europe-west4/services/vscode-server-cloudrun"
          },
          "sensitive_attributes": [],
          "identity_schema_version": 0,
          "private": "bnVsbA==",
          "dependencies": [
            "google_cloud_run_service.vscode_server",
            "google_project_service.cloud_run_api",
            "google_service_account.cloud_run_sa"
          ]
        }
      ]
    },
    {
      "mode": "managed",
      "type": "google_project_service",
      "name": "cloud_run_api",
      "provider": "provider[\"registry.terraform.io/hashicorp/google\"]",
      "instances": [
        {
          "schema_version": 0,
          "attributes": {
            "disable_dependent_services": null,
            "disable_on_destroy": false,
            "id": "solid-choir-472607-r1/run.googleapis.com",
            "project": "solid-choir-472607-r1",
            "service": "run.googleapis.com",
            "timeouts": null
          },
          "sensitive_attributes": [],
          "identity_schema_version": 0,
          "private": "eyJlMmJmYjczMC1lY2FhLTExZTYtOGY4OC0zNDM2M2JjN2M0YzAiOnsiY3JlYXRlIjoxMjAwMDAwMDAwMDAwLCJkZWxldGUiOjEyMDAwMDAwMDAwMDAsInJlYWQiOjYwMDAwMDAwMDAwMCwidXBkYXRlIjoxMjAwMDAwMDAwMDAwfX0="
        }
      ]
    },
    {
      "mode": "managed",
      "type": "google_project_service",
      "name": "cloudbuild_api",
      "provider": "provider[\"registry.terraform.io/hashicorp/google\"]",
      "instances": [
        {
          "schema_version": 0,
          "attributes": {
            "disable_dependent_services": null,
            "disable_on_destroy": false,
            "id": "solid-choir-472607-r1/cloudbuild.googleapis.com",
            "project": "solid-choir-472607-r1",
            "service": "cloudbuild.googleapis.com",
            "timeouts": null
          },
          "sensitive_attributes": [],
          "identity_schema_version": 0,
          "private": "eyJlMmJmYjczMC1lY2FhLTExZTYtOGY4OC0zNDM2M2JjN2M0YzAiOnsiY3JlYXRlIjoxMjAwMDAwMDAwMDAwLCJkZWxldGUiOjEyMDAwMDAwMDAwMDAsInJlYWQiOjYwMDAwMDAwMDAwMCwidXBkYXRlIjoxMjAwMDAwMDAwMDAwfX0="
        }
      ]
    },
    {
      "mode": "managed",
      "type": "google_service_account",
      "name": "cloud_run_sa",
      "provider": "provider[\"registry.terraform.io/hashicorp/google\"]",
      "instances": [
        {
          "schema_version": 0,
          "attributes": {
            "account_id": "vscode-server-cloudrun-sa",
            "create_ignore_already_exists": null,
            "description": "",
            "disabled": false,
            "display_name": "Service Account for VS Code Server Cloud Run",
            "email": "vscode-server-cloudrun-sa@solid-choir-472607-r1.iam.gserviceaccount.com",
            "id": "projects/solid-choir-472607-r1/serviceAccounts/vscode-server-cloudrun-sa@solid-choir-472607-r1.iam.gserviceaccount.com",
            "member": "serviceAccount:vscode-server-cloudrun-sa@solid-choir-472607-r1.iam.gserviceaccount.com",
            "name": "projects/solid-choir-472607-r1/serviceAccounts/vscode-server-cloudrun-sa@solid-choir-472607-r1.iam.gserviceaccount.com",
            "project": "solid-choir-472607-r1",
            "timeouts": null,
            "unique_id": "105521359017117198716"
          },
          "sensitive_attributes": [],
          "identity_schema_version": 0,
          "private": "eyJlMmJmYjczMC1lY2FhLTExZTYtOGY4OC0zNDM2M2JjN2M0YzAiOnsiY3JlYXRlIjozMDAwMDAwMDAwMDB9fQ=="
        }
      ]
    },
    {
      "mode": "managed",
      "type": "google_storage_bucket",
      "name": "vscode_storage",
      "provider": "provider[\"registry.terraform.io/hashicorp/google\"]",
      "instances": [
        {
          "schema_version": 3,
          "attributes": {
            "autoclass": [],
            "cors": [],
            "custom_placement_config": [],
            "default_event_based_hold": false,
            "effective_labels": {
              "goog-terraform-provisioned": "true"
            },
            "enable_object_retention": false,
            "encryption": [],
            "force_destroy": false,
            "hierarchical_namespace": [
              {
                "enabled": false
              }
            ],
            "id": "solid-choir-472607-r1-vscode-storage",
            "ip_filter": [],
            "labels": {},
            "lifecycle_rule": [
              {
                "action": [
                  {
                    "storage_class": "",
                    "type": "Delete"
                  }
                ],
                "condition": [
                  {
                    "age": 30,
                    "created_before": "",
                    "custom_time_before": "",
                    "days_since_custom_time": 0,
                    "days_since_noncurrent_time": 0,
                    "matches_prefix": [],
                    "matches_storage_class": [],
                    "matches_suffix": [],
                    "noncurrent_time_before": "",
                    "num_newer_versions": 0,
                    "send_age_if_zero": false,
                    "send_days_since_custom_time_if_zero": false,
                    "send_days_since_noncurrent_time_if_zero": false,
                    "send_num_newer_versions_if_zero": false,
                    "with_state": "ANY"
                  }
                ]
              }
            ],
            "location": "EUROPE-WEST4",
            "logging": [],
            "name": "solid-choir-472607-r1-vscode-storage",
            "project": "solid-choir-472607-r1",
            "project_number": 413868300892,
            "public_access_prevention": "inherited",
            "requester_pays": false,
            "retention_policy": [],
            "rpo": null,
            "self_link": "https://www.googleapis.com/storage/v1/b/solid-choir-472607-r1-vscode-storage",
            "soft_delete_policy": [
              {
                "effective_time": "2025-10-06T08:27:49.670Z",
                "retention_duration_seconds": 604800
              }
            ],
            "storage_class": "STANDARD",
            "terraform_labels": {
              "goog-terraform-provisioned": "true"
            },
            "time_created": "2025-10-06T08:27:49.670Z",
            "timeouts": null,
            "uniform_bucket_level_access": false,
            "updated": "2025-10-06T08:27:49.670Z",
            "url": "gs://solid-choir-472607-r1-vscode-storage",
            "versioning": [
              {
                "enabled": true
              }
            ],
            "website": []
          },
          "sensitive_attributes": [],
          "identity_schema_version": 0,
          "private": "eyJlMmJmYjczMC1lY2FhLTExZTYtOGY4OC0zNDM2M2JjN2M0YzAiOnsiY3JlYXRlIjo2MDAwMDAwMDAwMDAsInJlYWQiOjI0MDAwMDAwMDAwMCwidXBkYXRlIjoyNDAwMDAwMDAwMDB9LCJzY2hlbWFfdmVyc2lvbiI6IjMifQ=="
        }
      ]
    }
  ],
  "check_results": null
}
